
Microsoft Visual Studio Solution File, Format Version 12.00
# Visual Studio Version 16
VisualStudioVersion = 16.0.30621.155
MinimumVisualStudioVersion = 10.0.40219.1
Project("{FAE04EC0-301F-11D3-BF4B-00C04F79EFBC}") = "antoniopractica3", "antoniopractica3\antoniopractica3.csproj", "{DCAAF7B3-15A8-42FB-9E5C-D1F81F1F2AAA}"
EndProject
Global
	GlobalSection(SolutionConfigurationPlatforms) = preSolution
		Debug|Any CPU = Debug|Any CPU
		Release|Any CPU = Release|Any CPU
	EndGlobalSection
	GlobalSection(ProjectConfigurationPlatforms) = postSolution
		{DCAAF7B3-15A8-42FB-9E5C-D1F81F1F2AAA}.Debug|Any CPU.ActiveCfg = Debug|Any CPU
		{DCAAF7B3-15A8-42FB-9E5C-D1F81F1F2AAA}.Debug|Any CPU.Build.0 = Debug|Any CPU
		{DCAAF7B3-15A8-42FB-9E5C-D1F81F1F2AAA}.Release|Any CPU.ActiveCfg = Release|Any CPU
		{DCAAF7B3-15A8-42FB-9E5C-D1F81F1F2AAA}.Release|Any CPU.Build.0 = Release|Any CPU
	EndGlobalSection
	GlobalSection(SolutionProperties) = preSolution
		HideSolutionNode = FALSE
	EndGlobalSection
	GlobalSection(ExtensibilityGlobals) = postSolution
		SolutionGuid = {42BF8E6E-87C4-44E8-AFF8-DB7BBCB21D79}
	EndGlobalSection
EndGlobal
